// !$*UTF8*$!
{
	archiveVersion = 1;
	classes = {
	};
	objectVersion = 50;
	objects = {

/* Begin PBXBuildFile section */
		042BFD1724940E7E00B85C27 /* DetailViewController.swift in Sources */ = {isa = PBXBuildFile; fileRef = 042BFD1524940E7E00B85C27 /* DetailViewController.swift */; };
		042BFD1824940E7E00B85C27 /* DetailViewController.xib in Resources */ = {isa = PBXBuildFile; fileRef = 042BFD1624940E7E00B85C27 /* DetailViewController.xib */; };
		042BFD1A24942C9C00B85C27 /* ProfileViewController.swift in Sources */ = {isa = PBXBuildFile; fileRef = 042BFD1924942C9C00B85C27 /* ProfileViewController.swift */; };
		04EA27F22493EC1100AC85B2 /* AppDelegate.swift in Sources */ = {isa = PBXBuildFile; fileRef = 04EA27F12493EC1100AC85B2 /* AppDelegate.swift */; };
		04EA27F42493EC1100AC85B2 /* SceneDelegate.swift in Sources */ = {isa = PBXBuildFile; fileRef = 04EA27F32493EC1100AC85B2 /* SceneDelegate.swift */; };
		04EA27F62493EC1100AC85B2 /* ViewController.swift in Sources */ = {isa = PBXBuildFile; fileRef = 04EA27F52493EC1100AC85B2 /* ViewController.swift */; };
		04EA27F92493EC1100AC85B2 /* Main.storyboard in Resources */ = {isa = PBXBuildFile; fileRef = 04EA27F72493EC1100AC85B2 /* Main.storyboard */; };
		04EA27FB2493EC1300AC85B2 /* Assets.xcassets in Resources */ = {isa = PBXBuildFile; fileRef = 04EA27FA2493EC1300AC85B2 /* Assets.xcassets */; };
		04EA27FE2493EC1300AC85B2 /* LaunchScreen.storyboard in Resources */ = {isa = PBXBuildFile; fileRef = 04EA27FC2493EC1300AC85B2 /* LaunchScreen.storyboard */; };
		04EA280B2493EDE800AC85B2 /* RecipeTableViewCell.swift in Sources */ = {isa = PBXBuildFile; fileRef = 04EA28092493EDE800AC85B2 /* RecipeTableViewCell.swift */; };
		04EA280C2493EDE800AC85B2 /* RecipeTableViewCell.xib in Resources */ = {isa = PBXBuildFile; fileRef = 04EA280A2493EDE800AC85B2 /* RecipeTableViewCell.xib */; };
		04EA28122493F43000AC85B2 /* Recipe.swift in Sources */ = {isa = PBXBuildFile; fileRef = 04EA28112493F43000AC85B2 /* Recipe.swift */; };
		04EA28142493F44300AC85B2 /* DummyRecipe.swift in Sources */ = {isa = PBXBuildFile; fileRef = 04EA28132493F44300AC85B2 /* DummyRecipe.swift */; };
/* End PBXBuildFile section */

/* Begin PBXFileReference section */
		042BFD1524940E7E00B85C27 /* DetailViewController.swift */ = {isa = PBXFileReference; lastKnownFileType = sourcecode.swift; path = DetailViewController.swift; sourceTree = "<group>"; };
		042BFD1624940E7E00B85C27 /* DetailViewController.xib */ = {isa = PBXFileReference; lastKnownFileType = file.xib; path = DetailViewController.xib; sourceTree = "<group>"; };
		042BFD1924942C9C00B85C27 /* ProfileViewController.swift */ = {isa = PBXFileReference; lastKnownFileType = sourcecode.swift; path = ProfileViewController.swift; sourceTree = "<group>"; };
		04EA27EE2493EC1100AC85B2 /* Ricep.app */ = {isa = PBXFileReference; explicitFileType = wrapper.application; includeInIndex = 0; path = Ricep.app; sourceTree = BUILT_PRODUCTS_DIR; };
		04EA27F12493EC1100AC85B2 /* AppDelegate.swift */ = {isa = PBXFileReference; lastKnownFileType = sourcecode.swift; path = AppDelegate.swift; sourceTree = "<group>"; };
		04EA27F32493EC1100AC85B2 /* SceneDelegate.swift */ = {isa = PBXFileReference; lastKnownFileType = sourcecode.swift; path = SceneDelegate.swift; sourceTree = "<group>"; };
		04EA27F52493EC1100AC85B2 /* ViewController.swift */ = {isa = PBXFileReference; lastKnownFileType = sourcecode.swift; path = ViewController.swift; sourceTree = "<group>"; };
		04EA27F82493EC1100AC85B2 /* Base */ = {isa = PBXFileReference; lastKnownFileType = file.storyboard; name = Base; path = Base.lproj/Main.storyboard; sourceTree = "<group>"; };
		04EA27FA2493EC1300AC85B2 /* Assets.xcassets */ = {isa = PBXFileReference; lastKnownFileType = folder.assetcatalog; path = Assets.xcassets; sourceTree = "<group>"; };
		04EA27FD2493EC1300AC85B2 /* Base */ = {isa = PBXFileReference; lastKnownFileType = file.storyboard; name = Base; path = Base.lproj/LaunchScreen.storyboard; sourceTree = "<group>"; };
		04EA27FF2493EC1300AC85B2 /* Info.plist */ = {isa = PBXFileReference; lastKnownFileType = text.plist.xml; path = Info.plist; sourceTree = "<group>"; };
		04EA28092493EDE800AC85B2 /* RecipeTableViewCell.swift */ = {isa = PBXFileReference; lastKnownFileType = sourcecode.swift; path = RecipeTableViewCell.swift; sourceTree = "<group>"; };
		04EA280A2493EDE800AC85B2 /* RecipeTableViewCell.xib */ = {isa = PBXFileReference; lastKnownFileType = file.xib; path = RecipeTableViewCell.xib; sourceTree = "<group>"; };
		04EA28112493F43000AC85B2 /* Recipe.swift */ = {isa = PBXFileReference; lastKnownFileType = sourcecode.swift; path = Recipe.swift; sourceTree = "<group>"; };
		04EA28132493F44300AC85B2 /* DummyRecipe.swift */ = {isa = PBXFileReference; lastKnownFileType = sourcecode.swift; path = DummyRecipe.swift; sourceTree = "<group>"; };
/* End PBXFileReference section */

/* Begin PBXFrameworksBuildPhase section */
		04EA27EB2493EC1100AC85B2 /* Frameworks */ = {
			isa = PBXFrameworksBuildPhase;
			buildActionMask = 2147483647;
			files = (
			);
			runOnlyForDeploymentPostprocessing = 0;
		};
/* End PBXFrameworksBuildPhase section */

/* Begin PBXGroup section */
		04EA27E52493EC1100AC85B2 = {
			isa = PBXGroup;
			children = (
				04EA27F02493EC1100AC85B2 /* Ricep */,
				04EA27EF2493EC1100AC85B2 /* Products */,
			);
			sourceTree = "<group>";
		};
		04EA27EF2493EC1100AC85B2 /* Products */ = {
			isa = PBXGroup;
			children = (
				04EA27EE2493EC1100AC85B2 /* Ricep.app */,
			);
			name = Products;
			sourceTree = "<group>";
		};
		04EA27F02493EC1100AC85B2 /* Ricep */ = {
			isa = PBXGroup;
			children = (
				04EA28102493F38E00AC85B2 /* View */,
				04EA280F2493F37400AC85B2 /* Controller */,
				04EA280E2493F36C00AC85B2 /* Model */,
				04EA280D2493F35D00AC85B2 /* Base */,
				04EA27FA2493EC1300AC85B2 /* Assets.xcassets */,
				04EA27FF2493EC1300AC85B2 /* Info.plist */,
			);
			path = Ricep;
			sourceTree = "<group>";
		};
		04EA280D2493F35D00AC85B2 /* Base */ = {
			isa = PBXGroup;
			children = (
				04EA27F12493EC1100AC85B2 /* AppDelegate.swift */,
				04EA27F32493EC1100AC85B2 /* SceneDelegate.swift */,
			);
			path = Base;
			sourceTree = "<group>";
		};
		04EA280E2493F36C00AC85B2 /* Model */ = {
			isa = PBXGroup;
			children = (
				04EA28112493F43000AC85B2 /* Recipe.swift */,
				04EA28132493F44300AC85B2 /* DummyRecipe.swift */,
			);
			path = Model;
			sourceTree = "<group>";
		};
		04EA280F2493F37400AC85B2 /* Controller */ = {
			isa = PBXGroup;
			children = (
				04EA28092493EDE800AC85B2 /* RecipeTableViewCell.swift */,
				04EA27F52493EC1100AC85B2 /* ViewController.swift */,
				042BFD1524940E7E00B85C27 /* DetailViewController.swift */,
				042BFD1924942C9C00B85C27 /* ProfileViewController.swift */,
			);
			path = Controller;
			sourceTree = "<group>";
		};
		04EA28102493F38E00AC85B2 /* View */ = {
			isa = PBXGroup;
			children = (
				04EA280A2493EDE800AC85B2 /* RecipeTableViewCell.xib */,
				042BFD1624940E7E00B85C27 /* DetailViewController.xib */,
				04EA27F72493EC1100AC85B2 /* Main.storyboard */,
				04EA27FC2493EC1300AC85B2 /* LaunchScreen.storyboard */,
			);
			path = View;
			sourceTree = "<group>";
		};
/* End PBXGroup section */

/* Begin PBXNativeTarget section */
		04EA27ED2493EC1100AC85B2 /* Ricep */ = {
			isa = PBXNativeTarget;
			buildConfigurationList = 04EA28022493EC1300AC85B2 /* Build configuration list for PBXNativeTarget "Ricep" */;
			buildPhases = (
				04EA27EA2493EC1100AC85B2 /* Sources */,
				04EA27EB2493EC1100AC85B2 /* Frameworks */,
				04EA27EC2493EC1100AC85B2 /* Resources */,
			);
			buildRules = (
			);
			dependencies = (
			);
			name = Ricep;
			productName = Ricep;
			productReference = 04EA27EE2493EC1100AC85B2 /* Ricep.app */;
			productType = "com.apple.product-type.application";
		};
/* End PBXNativeTarget section */

/* Begin PBXProject section */
		04EA27E62493EC1100AC85B2 /* Project object */ = {
			isa = PBXProject;
			attributes = {
				LastSwiftUpdateCheck = 1150;
				LastUpgradeCheck = 1150;
				ORGANIZATIONNAME = "Tonsu Group";
				TargetAttributes = {
					04EA27ED2493EC1100AC85B2 = {
						CreatedOnToolsVersion = 11.5;
					};
				};
			};
			buildConfigurationList = 04EA27E92493EC1100AC85B2 /* Build configuration list for PBXProject "Ricep" */;
			compatibilityVersion = "Xcode 9.3";
			developmentRegion = en;
			hasScannedForEncodings = 0;
			knownRegions = (
				en,
				Base,
			);
			mainGroup = 04EA27E52493EC1100AC85B2;
			productRefGroup = 04EA27EF2493EC1100AC85B2 /* Products */;
			projectDirPath = "";
			projectRoot = "";
			targets = (
				04EA27ED2493EC1100AC85B2 /* Ricep */,
			);
		};
/* End PBXProject section */

/* Begin PBXResourcesBuildPhase section */
		04EA27EC2493EC1100AC85B2 /* Resources */ = {
			isa = PBXResourcesBuildPhase;
			buildActionMask = 2147483647;
			files = (
				04EA27FE2493EC1300AC85B2 /* LaunchScreen.storyboard in Resources */,
				04EA27FB2493EC1300AC85B2 /* Assets.xcassets in Resources */,
				042BFD1824940E7E00B85C27 /* DetailViewController.xib in Resources */,
				04EA27F92493EC1100AC85B2 /* Main.storyboard in Resources */,
				04EA280C2493EDE800AC85B2 /* RecipeTableViewCell.xib in Resources */,
			);
			runOnlyForDeploymentPostprocessing = 0;
		};
/* End PBXResourcesBuildPhase section */

/* Begin PBXSourcesBuildPhase section */
		04EA27EA2493EC1100AC85B2 /* Sources */ = {
			isa = PBXSourcesBuildPhase;
			buildActionMask = 2147483647;
			files = (
				04EA27F62493EC1100AC85B2 /* ViewController.swift in Sources */,
				04EA27F22493EC1100AC85B2 /* AppDelegate.swift in Sources */,
				04EA27F42493EC1100AC85B2 /* SceneDelegate.swift in Sources */,
				04EA280B2493EDE800AC85B2 /* RecipeTableViewCell.swift in Sources */,
				04EA28142493F44300AC85B2 /* DummyRecipe.swift in Sources */,
				04EA28122493F43000AC85B2 /* Recipe.swift in Sources */,
				042BFD1A24942C9C00B85C27 /* ProfileViewController.swift in Sources */,
				042BFD1724940E7E00B85C27 /* DetailViewController.swift in Sources */,
			);
			runOnlyForDeploymentPostprocessing = 0;
		};
/* End PBXSourcesBuildPhase section */

/* Begin PBXVariantGroup section */
		04EA27F72493EC1100AC85B2 /* Main.storyboard */ = {
			isa = PBXVariantGroup;
			children = (
				04EA27F82493EC1100AC85B2 /* Base */,
			);
			name = Main.storyboard;
			sourceTree = "<group>";
		};
		04EA27FC2493EC1300AC85B2 /* LaunchScreen.storyboard */ = {
			isa = PBXVariantGroup;
			children = (
				04EA27FD2493EC1300AC85B2 /* Base */,
			);
			name = LaunchScreen.storyboard;
			sourceTree = "<group>";
		};
/* End PBXVariantGroup section */

/* Begin XCBuildConfiguration section */
		04EA28002493EC1300AC85B2 /* Debug */ = {
			isa = XCBuildConfiguration;
			buildSettings = {
				ALWAYS_SEARCH_USER_PATHS = NO;
				CLANG_ANALYZER_NONNULL = YES;
				CLANG_ANALYZER_NUMBER_OBJECT_CONVERSION = YES_AGGRESSIVE;
				CLANG_CXX_LANGUAGE_STANDARD = "gnu++14";
				CLANG_CXX_LIBRARY = "libc++";
				CLANG_ENABLE_MODULES = YES;
				CLANG_ENABLE_OBJC_ARC = YES;
				CLANG_ENABLE_OBJC_WEAK = YES;
				CLANG_WARN_BLOCK_CAPTURE_AUTORELEASING = YES;
				CLANG_WARN_BOOL_CONVERSION = YES;
				CLANG_WARN_COMMA = YES;
				CLANG_WARN_CONSTANT_CONVERSION = YES;
				CLANG_WARN_DEPRECATED_OBJC_IMPLEMENTATIONS = YES;
				CLANG_WARN_DIRECT_OBJC_ISA_USAGE = YES_ERROR;
				CLANG_WARN_DOCUMENTATION_COMMENTS = YES;
				CLANG_WARN_EMPTY_BODY = YES;
				CLANG_WARN_ENUM_CONVERSION = YES;
				CLANG_WARN_INFINITE_RECURSION = YES;
				CLANG_WARN_INT_CONVERSION = YES;
				CLANG_WARN_NON_LITERAL_NULL_CONVERSION = YES;
				CLANG_WARN_OBJC_IMPLICIT_RETAIN_SELF = YES;
				CLANG_WARN_OBJC_LITERAL_CONVERSION = YES;
				CLANG_WARN_OBJC_ROOT_CLASS = YES_ERROR;
				CLANG_WARN_RANGE_LOOP_ANALYSIS = YES;
				CLANG_WARN_STRICT_PROTOTYPES = YES;
				CLANG_WARN_SUSPICIOUS_MOVE = YES;
				CLANG_WARN_UNGUARDED_AVAILABILITY = YES_AGGRESSIVE;
				CLANG_WARN_UNREACHABLE_CODE = YES;
				CLANG_WARN__DUPLICATE_METHOD_MATCH = YES;
				COPY_PHASE_STRIP = NO;
				DEBUG_INFORMATION_FORMAT = dwarf;
				ENABLE_STRICT_OBJC_MSGSEND = YES;
				ENABLE_TESTABILITY = YES;
				GCC_C_LANGUAGE_STANDARD = gnu11;
				GCC_DYNAMIC_NO_PIC = NO;
				GCC_NO_COMMON_BLOCKS = YES;
				GCC_OPTIMIZATION_LEVEL = 0;
				GCC_PREPROCESSOR_DEFINITIONS = (
					"DEBUG=1",
					"$(inherited)",
				);
				GCC_WARN_64_TO_32_BIT_CONVERSION = YES;
				GCC_WARN_ABOUT_RETURN_TYPE = YES_ERROR;
				GCC_WARN_UNDECLARED_SELECTOR = YES;
				GCC_WARN_UNINITIALIZED_AUTOS = YES_AGGRESSIVE;
				GCC_WARN_UNUSED_FUNCTION = YES;
				GCC_WARN_UNUSED_VARIABLE = YES;
				IPHONEOS_DEPLOYMENT_TARGET = 13.5;
				MTL_ENABLE_DEBUG_INFO = INCLUDE_SOURCE;
				MTL_FAST_MATH = YES;
				ONLY_ACTIVE_ARCH = YES;
				SDKROOT = iphoneos;
				SWIFT_ACTIVE_COMPILATION_CONDITIONS = DEBUG;
				SWIFT_OPTIMIZATION_LEVEL = "-Onone";
			};
			name = Debug;
		};
		04EA28012493EC1300AC85B2 /* Release */ = {
			isa = XCBuildConfiguration;
			buildSettings = {
				ALWAYS_SEARCH_USER_PATHS = NO;
				CLANG_ANALYZER_NONNULL = YES;
				CLANG_ANALYZER_NUMBER_OBJECT_CONVERSION = YES_AGGRESSIVE;
				CLANG_CXX_LANGUAGE_STANDARD = "gnu++14";
				CLANG_CXX_LIBRARY = "libc++";
				CLANG_ENABLE_MODULES = YES;
				CLANG_ENABLE_OBJC_ARC = YES;
				CLANG_ENABLE_OBJC_WEAK = YES;
				CLANG_WARN_BLOCK_CAPTURE_AUTORELEASING = YES;
				CLANG_WARN_BOOL_CONVERSION = YES;
				CLANG_WARN_COMMA = YES;
				CLANG_WARN_CONSTANT_CONVERSION = YES;
				CLANG_WARN_DEPRECATED_OBJC_IMPLEMENTATIONS = YES;
				CLANG_WARN_DIRECT_OBJC_ISA_USAGE = YES_ERROR;
				CLANG_WARN_DOCUMENTATION_COMMENTS = YES;
				CLANG_WARN_EMPTY_BODY = YES;
				CLANG_WARN_ENUM_CONVERSION = YES;
				CLANG_WARN_INFINITE_RECURSION = YES;
				CLANG_WARN_INT_CONVERSION = YES;
				CLANG_WARN_NON_LITERAL_NULL_CONVERSION = YES;
				CLANG_WARN_OBJC_IMPLICIT_RETAIN_SELF = YES;
				CLANG_WARN_OBJC_LITERAL_CONVERSION = YES;
				CLANG_WARN_OBJC_ROOT_CLASS = YES_ERROR;
				CLANG_WARN_RANGE_LOOP_ANALYSIS = YES;
				CLANG_WARN_STRICT_PROTOTYPES = YES;
				CLANG_WARN_SUSPICIOUS_MOVE = YES;
				CLANG_WARN_UNGUARDED_AVAILABILITY = YES_AGGRESSIVE;
				CLANG_WARN_UNREACHABLE_CODE = YES;
				CLANG_WARN__DUPLICATE_METHOD_MATCH = YES;
				COPY_PHASE_STRIP = NO;
				DEBUG_INFORMATION_FORMAT = "dwarf-with-dsym";
				ENABLE_NS_ASSERTIONS = NO;
				ENABLE_STRICT_OBJC_MSGSEND = YES;
				GCC_C_LANGUAGE_STANDARD = gnu11;
				GCC_NO_COMMON_BLOCKS = YES;
				GCC_WARN_64_TO_32_BIT_CONVERSION = YES;
				GCC_WARN_ABOUT_RETURN_TYPE = YES_ERROR;
				GCC_WARN_UNDECLARED_SELECTOR = YES;
				GCC_WARN_UNINITIALIZED_AUTOS = YES_AGGRESSIVE;
				GCC_WARN_UNUSED_FUNCTION = YES;
				GCC_WARN_UNUSED_VARIABLE = YES;
				IPHONEOS_DEPLOYMENT_TARGET = 13.5;
				MTL_ENABLE_DEBUG_INFO = NO;
				MTL_FAST_MATH = YES;
				SDKROOT = iphoneos;
				SWIFT_COMPILATION_MODE = wholemodule;
				SWIFT_OPTIMIZATION_LEVEL = "-O";
				VALIDATE_PRODUCT = YES;
			};
			name = Release;
		};
		04EA28032493EC1300AC85B2 /* Debug */ = {
			isa = XCBuildConfiguration;
			buildSettings = {
				ASSETCATALOG_COMPILER_APPICON_NAME = AppIcon;
				CODE_SIGN_STYLE = Automatic;
				INFOPLIST_FILE = Ricep/Info.plist;
				LD_RUNPATH_SEARCH_PATHS = (
					"$(inherited)",
					"@executable_path/Frameworks",
				);
				PRODUCT_BUNDLE_IDENTIFIER = space.tonsu.Ricep;
				PRODUCT_NAME = "$(TARGET_NAME)";
				SWIFT_VERSION = 5.0;
				TARGETED_DEVICE_FAMILY = "1,2";
			};
			name = Debug;
		};
		04EA28042493EC1300AC85B2 /* Release */ = {
			isa = XCBuildConfiguration;
			buildSettings = {
				ASSETCATALOG_COMPILER_APPICON_NAME = AppIcon;
				CODE_SIGN_STYLE = Automatic;
				INFOPLIST_FILE = Ricep/Info.plist;
				LD_RUNPATH_SEARCH_PATHS = (
					"$(inherited)",
					"@executable_path/Frameworks",
				);
				PRODUCT_BUNDLE_IDENTIFIER = space.tonsu.Ricep;
				PRODUCT_NAME = "$(TARGET_NAME)";
				SWIFT_VERSION = 5.0;
				TARGETED_DEVICE_FAMILY = "1,2";
			};
			name = Release;
		};
/* End XCBuildConfiguration section */

/* Begin XCConfigurationList section */
		04EA27E92493EC1100AC85B2 /* Build configuration list for PBXProject "Ricep" */ = {
			isa = XCConfigurationList;
			buildConfigurations = (
				04EA28002493EC1300AC85B2 /* Debug */,
				04EA28012493EC1300AC85B2 /* Release */,
			);
			defaultConfigurationIsVisible = 0;
			defaultConfigurationName = Release;
		};
		04EA28022493EC1300AC85B2 /* Build configuration list for PBXNativeTarget "Ricep" */ = {
			isa = XCConfigurationList;
			buildConfigurations = (
				04EA28032493EC1300AC85B2 /* Debug */,
				04EA28042493EC1300AC85B2 /* Release */,
			);
			defaultConfigurationIsVisible = 0;
			defaultConfigurationName = Release;
		};
/* End XCConfigurationList section */
	};
	rootObject = 04EA27E62493EC1100AC85B2 /* Project object */;
}
